# This file was autogenerated by Stack.
# You should not edit this file by hand.
# For more information, please see the documentation at:
#   https://docs.haskellstack.org/en/stable/lock_files

packages:
- completed:
    hackage: clash-ghc-1.0.1@sha256:1542736ef5dbeb811772ab2db057f547c7469ef974e49be40240e848d7d2450a,7744
    pantry-tree:
      size: 3026
      sha256: ff5e9da2c39ed21fc3aae673b810da37b1e685a8bdfd8f77df785f5328bed306
  original:
    hackage: clash-ghc-1.0.1
- completed:
    hackage: clash-lib-1.0.1@sha256:d89325c22f7381934fc98c3c177441b2a671be408179e26667b8cf7e601a726b,9219
    pantry-tree:
      size: 15128
      sha256: eaa2e4e010ba391271e090253b1a9926c95bd1a0b2da42240d76635f6d5b2988
  original:
    hackage: clash-lib-1.0.1
- completed:
    hackage: clash-prelude-1.0.1@sha256:a1f3e0b959f39b9e620e18fdc7a8647ed91bd888db8d5b52b961e1f9c8fc5739,12526
    pantry-tree:
      size: 9159
      sha256: 56e6219588b1e6516861f2b343e9d3a3e375c8d36b664705602afe230a6d53b5
  original:
    hackage: clash-prelude-1.0.1
- completed:
    hackage: netpbm-1.0.2@sha256:a0d0ed6bfda0c77c9842b627403392757df62d29aa0994124db6bfc2ca961cee,5448
    pantry-tree:
      size: 6515
      sha256: 9601f0c746fb5aaaa559159ae10efe974ba3d52bc72b356972e99b3cf821dace
  original:
    hackage: netpbm-1.0.2
- completed:
    hackage: posix-escape-0.1@sha256:adbb650397cd8685ea220b40739ee80d4e8329643a98aa2993a6f13a598bd18c,1160
    pantry-tree:
      size: 386
      sha256: e9824c495e3e2a3a1f737b5d2fcdd0ea1ce6b2919cec252c1ef7ca3b19dedf57
  original:
    hackage: posix-escape-0.1
- completed:
    cabal-file:
      size: 2243
      sha256: 58d4aebd841d0bf4dead357423760d3f4315a4f025ac9c94e1c3ab6cef535669
    name: conf
    version: 0.1.1.0
    git: https://github.com/fortlogic/haskell-conf.git
    pantry-tree:
      size: 488
      sha256: ccb701132b232b60d2a29fe7093a83c1fa65488a7a46c043a0db69fbd8a173a2
    commit: 52459d28598aa99e9b31e9a9d3004a8705fd8ad7
  original:
    git: https://github.com/fortlogic/haskell-conf.git
    commit: 52459d28598aa99e9b31e9a9d3004a8705fd8ad7
- completed:
    cabal-file:
      size: 2307
      sha256: 199ef1fa3383e3904ffa8d1a5a9484857597cbde1de56cd2b6c4f97036e02a11
    name: safe-globals
    version: 0.2.0
    git: https://github.com/fortlogic/safe-globals.git
    pantry-tree:
      size: 553
      sha256: aadb62a0a70b257fa01e9f577def1f098e5134e03868b9ed5d6571fa2b5fa1dd
    commit: 464a31e1451f31c6865712a225b82f1933800585
  original:
    git: https://github.com/fortlogic/safe-globals.git
    commit: 464a31e1451f31c6865712a225b82f1933800585
- completed:
    cabal-file:
      size: 14067
      sha256: f0611be05ce6a3fbfaf1b9ca4b3f106abe571f7b24081aa52996e42774104c85
    name: shake
    version: 0.16.4
    git: https://github.com/fortlogic/shake.git
    pantry-tree:
      size: 15110
      sha256: fb29b8cf9c39c6c8a7fda347dc896dd109227c08ae9f8bf62ae271f26db44732
    commit: 8e5e660a9ed9a9f675c7957d17db2775fa1379a8
  original:
    git: https://github.com/fortlogic/shake.git
    commit: 8e5e660a9ed9a9f675c7957d17db2775fa1379a8
snapshots:
- completed:
    size: 524786
    url: https://raw.githubusercontent.com/commercialhaskell/stackage-snapshots/master/lts/14/11.yaml
    sha256: 088bb91b545839510a41ae92fa5feb36779ef3529571a42bd12b9f51eb89ded3
  original: lts-14.11
